
Microsoft Visual Studio Solution File, Format Version 12.00
# Visual Studio Version 17
VisualStudioVersion = 17.0.31919.166
MinimumVisualStudioVersion = 10.0.40219.1
Project("{9A19103F-16F7-4668-BE54-9A1E7A4F7556}") = "TakeYourTicket.WebAPI", "TakeYourTicket.WebAPI\TakeYourTicket.WebAPI.csproj", "{E755018B-FECF-4981-80A3-BB66A39C8853}"
	ProjectSection(ProjectDependencies) = postProject
		{BC9FFFFD-FC89-45D7-8AAE-7FA69D1D6EA9} = {BC9FFFFD-FC89-45D7-8AAE-7FA69D1D6EA9}
	EndProjectSection
EndProject
Project("{9A19103F-16F7-4668-BE54-9A1E7A4F7556}") = "TakeYourTicket.Tests", "TakeYourTicket.Tests\TakeYourTicket.Tests.csproj", "{F93045E4-D939-453B-96FF-5090ABB73DE5}"
	ProjectSection(ProjectDependencies) = postProject
		{BC9FFFFD-FC89-45D7-8AAE-7FA69D1D6EA9} = {BC9FFFFD-FC89-45D7-8AAE-7FA69D1D6EA9}
	EndProjectSection
EndProject
Project("{9A19103F-16F7-4668-BE54-9A1E7A4F7556}") = "TakeYourTicket", "TakeYourTicket\TakeYourTicket.csproj", "{BC9FFFFD-FC89-45D7-8AAE-7FA69D1D6EA9}"
EndProject
Global
	GlobalSection(SolutionConfigurationPlatforms) = preSolution
		Debug|Any CPU = Debug|Any CPU
		Release|Any CPU = Release|Any CPU
	EndGlobalSection
	GlobalSection(ProjectConfigurationPlatforms) = postSolution
		{E755018B-FECF-4981-80A3-BB66A39C8853}.Debug|Any CPU.ActiveCfg = Debug|Any CPU
		{E755018B-FECF-4981-80A3-BB66A39C8853}.Debug|Any CPU.Build.0 = Debug|Any CPU
		{E755018B-FECF-4981-80A3-BB66A39C8853}.Release|Any CPU.ActiveCfg = Release|Any CPU
		{E755018B-FECF-4981-80A3-BB66A39C8853}.Release|Any CPU.Build.0 = Release|Any CPU
		{F93045E4-D939-453B-96FF-5090ABB73DE5}.Debug|Any CPU.ActiveCfg = Debug|Any CPU
		{F93045E4-D939-453B-96FF-5090ABB73DE5}.Debug|Any CPU.Build.0 = Debug|Any CPU
		{F93045E4-D939-453B-96FF-5090ABB73DE5}.Release|Any CPU.ActiveCfg = Release|Any CPU
		{F93045E4-D939-453B-96FF-5090ABB73DE5}.Release|Any CPU.Build.0 = Release|Any CPU
		{BC9FFFFD-FC89-45D7-8AAE-7FA69D1D6EA9}.Debug|Any CPU.ActiveCfg = Debug|Any CPU
		{BC9FFFFD-FC89-45D7-8AAE-7FA69D1D6EA9}.Debug|Any CPU.Build.0 = Debug|Any CPU
		{BC9FFFFD-FC89-45D7-8AAE-7FA69D1D6EA9}.Release|Any CPU.ActiveCfg = Release|Any CPU
		{BC9FFFFD-FC89-45D7-8AAE-7FA69D1D6EA9}.Release|Any CPU.Build.0 = Release|Any CPU
	EndGlobalSection
	GlobalSection(SolutionProperties) = preSolution
		HideSolutionNode = FALSE
	EndGlobalSection
	GlobalSection(ExtensibilityGlobals) = postSolution
		SolutionGuid = {2B6E67E2-8C2B-4B65-B34F-FFDF35BCF9CD}
	EndGlobalSection
EndGlobal
